
Microsoft Visual Studio Solution File, Format Version 12.00
# Visual Studio Version 17
VisualStudioVersion = 17.5.33516.290
MinimumVisualStudioVersion = 10.0.40219.1
Project("{FAE04EC0-301F-11D3-BF4B-00C04F79EFBC}") = "linq_3", "linq_3.csproj", "{404F5A26-48FA-419C-8CE6-6875EE8F38C4}"
EndProject
Global
	GlobalSection(SolutionConfigurationPlatforms) = preSolution
		Debug|Any CPU = Debug|Any CPU
		Release|Any CPU = Release|Any CPU
	EndGlobalSection
	GlobalSection(ProjectConfigurationPlatforms) = postSolution
		{404F5A26-48FA-419C-8CE6-6875EE8F38C4}.Debug|Any CPU.ActiveCfg = Debug|Any CPU
		{404F5A26-48FA-419C-8CE6-6875EE8F38C4}.Debug|Any CPU.Build.0 = Debug|Any CPU
		{404F5A26-48FA-419C-8CE6-6875EE8F38C4}.Release|Any CPU.ActiveCfg = Release|Any CPU
		{404F5A26-48FA-419C-8CE6-6875EE8F38C4}.Release|Any CPU.Build.0 = Release|Any CPU
	EndGlobalSection
	GlobalSection(SolutionProperties) = preSolution
		HideSolutionNode = FALSE
	EndGlobalSection
	GlobalSection(ExtensibilityGlobals) = postSolution
		SolutionGuid = {9E71696A-DA46-4270-B75D-5EE3D02A4BD0}
	EndGlobalSection
EndGlobal
